
Microsoft Visual Studio Solution File, Format Version 12.00
# Visual Studio Version 17
VisualStudioVersion = 17.14.36616.10
MinimumVisualStudioVersion = 10.0.40219.1
Project("{FAE04EC0-301F-11D3-BF4B-00C04F79EFBC}") = "DDD.Domain", "DDD.Domain\DDD.Domain.csproj", "{6E34D878-DFB9-4392-81C7-76B7DDF73C37}"
EndProject
Project("{FAE04EC0-301F-11D3-BF4B-00C04F79EFBC}") = "DDD.Application", "DDD.Application\DDD.Application.csproj", "{5784442B-AC7F-4951-81FD-B59DE81799B8}"
EndProject
Project("{FAE04EC0-301F-11D3-BF4B-00C04F79EFBC}") = "DDD.Infrastructure", "DDD.Infrastructure\DDD.Infrastructure.csproj", "{1FBCF0CA-3BDF-4D3A-8C73-605ED41601BF}"
EndProject
Project("{FAE04EC0-301F-11D3-BF4B-00C04F79EFBC}") = "DDD.Shared", "DDD.Shared\DDD.Shared.csproj", "{6DFD73B2-8CB0-4C07-960A-2352F8993D98}"
EndProject
Project("{FAE04EC0-301F-11D3-BF4B-00C04F79EFBC}") = "DDD.Middleware", "DDD.Middleware\DDD.Middleware.csproj", "{50C3FEF2-D0AD-479D-A8BD-3CC55DF0B5A7}"
EndProject
Project("{FAE04EC0-301F-11D3-BF4B-00C04F79EFBC}") = "DDD.WebApi", "DDD.WebApi\DDD.WebApi.csproj", "{4DF80CEE-38E7-4FEA-A41F-57A4C368B38F}"
EndProject
Global
	GlobalSection(SolutionConfigurationPlatforms) = preSolution
		Debug|Any CPU = Debug|Any CPU
		Release|Any CPU = Release|Any CPU
	EndGlobalSection
	GlobalSection(ProjectConfigurationPlatforms) = postSolution
		{6E34D878-DFB9-4392-81C7-76B7DDF73C37}.Debug|Any CPU.ActiveCfg = Debug|Any CPU
		{6E34D878-DFB9-4392-81C7-76B7DDF73C37}.Debug|Any CPU.Build.0 = Debug|Any CPU
		{6E34D878-DFB9-4392-81C7-76B7DDF73C37}.Release|Any CPU.ActiveCfg = Release|Any CPU
		{6E34D878-DFB9-4392-81C7-76B7DDF73C37}.Release|Any CPU.Build.0 = Release|Any CPU
		{5784442B-AC7F-4951-81FD-B59DE81799B8}.Debug|Any CPU.ActiveCfg = Debug|Any CPU
		{5784442B-AC7F-4951-81FD-B59DE81799B8}.Debug|Any CPU.Build.0 = Debug|Any CPU
		{5784442B-AC7F-4951-81FD-B59DE81799B8}.Release|Any CPU.ActiveCfg = Release|Any CPU
		{5784442B-AC7F-4951-81FD-B59DE81799B8}.Release|Any CPU.Build.0 = Release|Any CPU
		{1FBCF0CA-3BDF-4D3A-8C73-605ED41601BF}.Debug|Any CPU.ActiveCfg = Debug|Any CPU
		{1FBCF0CA-3BDF-4D3A-8C73-605ED41601BF}.Debug|Any CPU.Build.0 = Debug|Any CPU
		{1FBCF0CA-3BDF-4D3A-8C73-605ED41601BF}.Release|Any CPU.ActiveCfg = Release|Any CPU
		{1FBCF0CA-3BDF-4D3A-8C73-605ED41601BF}.Release|Any CPU.Build.0 = Release|Any CPU
		{6DFD73B2-8CB0-4C07-960A-2352F8993D98}.Debug|Any CPU.ActiveCfg = Debug|Any CPU
		{6DFD73B2-8CB0-4C07-960A-2352F8993D98}.Debug|Any CPU.Build.0 = Debug|Any CPU
		{6DFD73B2-8CB0-4C07-960A-2352F8993D98}.Release|Any CPU.ActiveCfg = Release|Any CPU
		{6DFD73B2-8CB0-4C07-960A-2352F8993D98}.Release|Any CPU.Build.0 = Release|Any CPU
		{50C3FEF2-D0AD-479D-A8BD-3CC55DF0B5A7}.Debug|Any CPU.ActiveCfg = Debug|Any CPU
		{50C3FEF2-D0AD-479D-A8BD-3CC55DF0B5A7}.Debug|Any CPU.Build.0 = Debug|Any CPU
		{50C3FEF2-D0AD-479D-A8BD-3CC55DF0B5A7}.Release|Any CPU.ActiveCfg = Release|Any CPU
		{50C3FEF2-D0AD-479D-A8BD-3CC55DF0B5A7}.Release|Any CPU.Build.0 = Release|Any CPU
		{4DF80CEE-38E7-4FEA-A41F-57A4C368B38F}.Debug|Any CPU.ActiveCfg = Debug|Any CPU
		{4DF80CEE-38E7-4FEA-A41F-57A4C368B38F}.Debug|Any CPU.Build.0 = Debug|Any CPU
		{4DF80CEE-38E7-4FEA-A41F-57A4C368B38F}.Release|Any CPU.ActiveCfg = Release|Any CPU
		{4DF80CEE-38E7-4FEA-A41F-57A4C368B38F}.Release|Any CPU.Build.0 = Release|Any CPU
	EndGlobalSection
	GlobalSection(SolutionProperties) = preSolution
		HideSolutionNode = FALSE
	EndGlobalSection
	GlobalSection(ExtensibilityGlobals) = postSolution
		SolutionGuid = {20583A07-3406-4953-9896-A8D0D4AF4973}
	EndGlobalSection
EndGlobal
